
Microsoft Visual Studio Solution File, Format Version 12.00
# Visual Studio Version 17
VisualStudioVersion = 17.6.33829.357
MinimumVisualStudioVersion = 10.0.40219.1
Project("{FAE04EC0-301F-11D3-BF4B-00C04F79EFBC}") = "WebApplication1", "WebApplication1\WebApplication1.csproj", "{E78491E5-9F64-418D-BA5E-46537A6D3E1B}"
EndProject
Global
	GlobalSection(SolutionConfigurationPlatforms) = preSolution
		Debug|Any CPU = Debug|Any CPU
		Release|Any CPU = Release|Any CPU
	EndGlobalSection
	GlobalSection(ProjectConfigurationPlatforms) = postSolution
		{E78491E5-9F64-418D-BA5E-46537A6D3E1B}.Debug|Any CPU.ActiveCfg = Debug|Any CPU
		{E78491E5-9F64-418D-BA5E-46537A6D3E1B}.Debug|Any CPU.Build.0 = Debug|Any CPU
		{E78491E5-9F64-418D-BA5E-46537A6D3E1B}.Release|Any CPU.ActiveCfg = Release|Any CPU
		{E78491E5-9F64-418D-BA5E-46537A6D3E1B}.Release|Any CPU.Build.0 = Release|Any CPU
	EndGlobalSection
	GlobalSection(SolutionProperties) = preSolution
		HideSolutionNode = FALSE
	EndGlobalSection
	GlobalSection(ExtensibilityGlobals) = postSolution
		SolutionGuid = {F4D97369-DF94-4AF6-B0B7-9ABBD99FA43A}
	EndGlobalSection
EndGlobal
